
Microsoft Visual Studio Solution File, Format Version 12.00
# Visual Studio 15
VisualStudioVersion = 15.0.28307.1267
MinimumVisualStudioVersion = 10.0.40219.1
Project("{FAE04EC0-301F-11D3-BF4B-00C04F79EFBC}") = "Service", "Exercise2_006_AlfianHidayah\Service.csproj", "{0877010D-5E45-4B98-83C8-A29D81AAD805}"
EndProject
Project("{FAE04EC0-301F-11D3-BF4B-00C04F79EFBC}") = "Server", "Server\Server.csproj", "{3277E96A-08CA-4507-8E69-16CA5B74877E}"
EndProject
Project("{FAE04EC0-301F-11D3-BF4B-00C04F79EFBC}") = "Exercise Form Rest", "Exercise Form Rest\Exercise Form Rest.csproj", "{2ADBF12F-C18C-496C-AFED-2F2BB8543004}"
EndProject
Global
	GlobalSection(SolutionConfigurationPlatforms) = preSolution
		Debug|Any CPU = Debug|Any CPU
		Release|Any CPU = Release|Any CPU
	EndGlobalSection
	GlobalSection(ProjectConfigurationPlatforms) = postSolution
		{0877010D-5E45-4B98-83C8-A29D81AAD805}.Debug|Any CPU.ActiveCfg = Debug|Any CPU
		{0877010D-5E45-4B98-83C8-A29D81AAD805}.Debug|Any CPU.Build.0 = Debug|Any CPU
		{0877010D-5E45-4B98-83C8-A29D81AAD805}.Release|Any CPU.ActiveCfg = Release|Any CPU
		{0877010D-5E45-4B98-83C8-A29D81AAD805}.Release|Any CPU.Build.0 = Release|Any CPU
		{3277E96A-08CA-4507-8E69-16CA5B74877E}.Debug|Any CPU.ActiveCfg = Debug|Any CPU
		{3277E96A-08CA-4507-8E69-16CA5B74877E}.Debug|Any CPU.Build.0 = Debug|Any CPU
		{3277E96A-08CA-4507-8E69-16CA5B74877E}.Release|Any CPU.ActiveCfg = Release|Any CPU
		{3277E96A-08CA-4507-8E69-16CA5B74877E}.Release|Any CPU.Build.0 = Release|Any CPU
		{2ADBF12F-C18C-496C-AFED-2F2BB8543004}.Debug|Any CPU.ActiveCfg = Debug|Any CPU
		{2ADBF12F-C18C-496C-AFED-2F2BB8543004}.Debug|Any CPU.Build.0 = Debug|Any CPU
		{2ADBF12F-C18C-496C-AFED-2F2BB8543004}.Release|Any CPU.ActiveCfg = Release|Any CPU
		{2ADBF12F-C18C-496C-AFED-2F2BB8543004}.Release|Any CPU.Build.0 = Release|Any CPU
	EndGlobalSection
	GlobalSection(SolutionProperties) = preSolution
		HideSolutionNode = FALSE
	EndGlobalSection
	GlobalSection(ExtensibilityGlobals) = postSolution
		SolutionGuid = {C6FABE9E-CA26-4A9D-9E76-24A853FC27BB}
	EndGlobalSection
EndGlobal
